
Microsoft Visual Studio Solution File, Format Version 12.00
# Visual Studio 15
VisualStudioVersion = 15.0.26730.12
MinimumVisualStudioVersion = 10.0.40219.1
Project("{FAE04EC0-301F-11D3-BF4B-00C04F79EFBC}") = "aPantalla", "sistemadia\aPantalla.csproj", "{B75CC6F4-EC20-4936-9854-52E687095B1E}"
EndProject
Project("{FAE04EC0-301F-11D3-BF4B-00C04F79EFBC}") = "cDatos", "Conexion2\cDatos.csproj", "{98D6D364-E3EB-4562-BF60-3282C6B4A4CF}"
EndProject
Project("{FAE04EC0-301F-11D3-BF4B-00C04F79EFBC}") = "bControl", "Control\bControl.csproj", "{6260B2C8-B97D-4901-8ACF-1D1F347D8702}"
EndProject
Project("{54435603-DBB4-11D2-8724-00A0C9A8B90C}") = "SistemaDia", "SistemaDia\SistemaDia.vdproj", "{EEE11AF7-FD38-43E7-93DE-26EACD758487}"
EndProject
Global
	GlobalSection(SolutionConfigurationPlatforms) = preSolution
		Debug|Any CPU = Debug|Any CPU
		Release|Any CPU = Release|Any CPU
	EndGlobalSection
	GlobalSection(ProjectConfigurationPlatforms) = postSolution
		{B75CC6F4-EC20-4936-9854-52E687095B1E}.Debug|Any CPU.ActiveCfg = Debug|Any CPU
		{B75CC6F4-EC20-4936-9854-52E687095B1E}.Debug|Any CPU.Build.0 = Debug|Any CPU
		{B75CC6F4-EC20-4936-9854-52E687095B1E}.Release|Any CPU.ActiveCfg = Release|Any CPU
		{B75CC6F4-EC20-4936-9854-52E687095B1E}.Release|Any CPU.Build.0 = Release|Any CPU
		{98D6D364-E3EB-4562-BF60-3282C6B4A4CF}.Debug|Any CPU.ActiveCfg = Debug|Any CPU
		{98D6D364-E3EB-4562-BF60-3282C6B4A4CF}.Debug|Any CPU.Build.0 = Debug|Any CPU
		{98D6D364-E3EB-4562-BF60-3282C6B4A4CF}.Release|Any CPU.ActiveCfg = Release|Any CPU
		{98D6D364-E3EB-4562-BF60-3282C6B4A4CF}.Release|Any CPU.Build.0 = Release|Any CPU
		{6260B2C8-B97D-4901-8ACF-1D1F347D8702}.Debug|Any CPU.ActiveCfg = Debug|Any CPU
		{6260B2C8-B97D-4901-8ACF-1D1F347D8702}.Debug|Any CPU.Build.0 = Debug|Any CPU
		{6260B2C8-B97D-4901-8ACF-1D1F347D8702}.Release|Any CPU.ActiveCfg = Release|Any CPU
		{6260B2C8-B97D-4901-8ACF-1D1F347D8702}.Release|Any CPU.Build.0 = Release|Any CPU
		{EEE11AF7-FD38-43E7-93DE-26EACD758487}.Debug|Any CPU.ActiveCfg = Debug
		{EEE11AF7-FD38-43E7-93DE-26EACD758487}.Debug|Any CPU.Build.0 = Debug
		{EEE11AF7-FD38-43E7-93DE-26EACD758487}.Release|Any CPU.ActiveCfg = Release
	EndGlobalSection
	GlobalSection(SolutionProperties) = preSolution
		HideSolutionNode = FALSE
	EndGlobalSection
	GlobalSection(ExtensibilityGlobals) = postSolution
		SolutionGuid = {0D35AD52-2D3B-4F9A-83BE-99721C446FA5}
	EndGlobalSection
EndGlobal
